
Microsoft Visual Studio Solution File, Format Version 12.00
# Visual Studio Version 16
VisualStudioVersion = 16.0.31019.35
MinimumVisualStudioVersion = 10.0.40219.1
Project("{FAE04EC0-301F-11D3-BF4B-00C04F79EFBC}") = "GoPokemon", "GoPokemon\GoPokemon.csproj", "{19091AAA-CC24-47FC-92A5-58695945089C}"
EndProject
Global
	GlobalSection(SolutionConfigurationPlatforms) = preSolution
		Debug|Any CPU = Debug|Any CPU
		Release|Any CPU = Release|Any CPU
	EndGlobalSection
	GlobalSection(ProjectConfigurationPlatforms) = postSolution
		{19091AAA-CC24-47FC-92A5-58695945089C}.Debug|Any CPU.ActiveCfg = Debug|Any CPU
		{19091AAA-CC24-47FC-92A5-58695945089C}.Debug|Any CPU.Build.0 = Debug|Any CPU
		{19091AAA-CC24-47FC-92A5-58695945089C}.Release|Any CPU.ActiveCfg = Release|Any CPU
		{19091AAA-CC24-47FC-92A5-58695945089C}.Release|Any CPU.Build.0 = Release|Any CPU
	EndGlobalSection
	GlobalSection(SolutionProperties) = preSolution
		HideSolutionNode = FALSE
	EndGlobalSection
	GlobalSection(ExtensibilityGlobals) = postSolution
		SolutionGuid = {C2454934-F179-461A-92BF-879B6FA9F395}
	EndGlobalSection
EndGlobal
